
Microsoft Visual Studio Solution File, Format Version 12.00
# Visual Studio Version 17
VisualStudioVersion = 17.5.002.0
MinimumVisualStudioVersion = 10.0.40219.1
Project("{9A19103F-16F7-4668-BE54-9A1E7A4F7556}") = "tl1-proyectofinal2024-juancookz", "tl1-proyectofinal2024-juancookz.csproj", "{B89BBF1A-DD88-4BFB-AA64-F03F0EB3FBEF}"
EndProject
Global
	GlobalSection(SolutionConfigurationPlatforms) = preSolution
		Debug|Any CPU = Debug|Any CPU
		Release|Any CPU = Release|Any CPU
	EndGlobalSection
	GlobalSection(ProjectConfigurationPlatforms) = postSolution
		{B89BBF1A-DD88-4BFB-AA64-F03F0EB3FBEF}.Debug|Any CPU.ActiveCfg = Debug|Any CPU
		{B89BBF1A-DD88-4BFB-AA64-F03F0EB3FBEF}.Debug|Any CPU.Build.0 = Debug|Any CPU
		{B89BBF1A-DD88-4BFB-AA64-F03F0EB3FBEF}.Release|Any CPU.ActiveCfg = Release|Any CPU
		{B89BBF1A-DD88-4BFB-AA64-F03F0EB3FBEF}.Release|Any CPU.Build.0 = Release|Any CPU
	EndGlobalSection
	GlobalSection(SolutionProperties) = preSolution
		HideSolutionNode = FALSE
	EndGlobalSection
	GlobalSection(ExtensibilityGlobals) = postSolution
		SolutionGuid = {C56D0E63-DF82-42CD-AB93-663B8F996DE9}
	EndGlobalSection
EndGlobal
